
Microsoft Visual Studio Solution File, Format Version 12.00
# Visual Studio Version 17
VisualStudioVersion = 17.2.32516.85
MinimumVisualStudioVersion = 10.0.40219.1
Project("{FAE04EC0-301F-11D3-BF4B-00C04F79EFBC}") = "bankingAPI", "bankingAPI\bankingAPI.csproj", "{5601E4F6-41A8-44C4-9BD3-409207288E6F}"
EndProject
Global
	GlobalSection(SolutionConfigurationPlatforms) = preSolution
		Debug|Any CPU = Debug|Any CPU
		Release|Any CPU = Release|Any CPU
	EndGlobalSection
	GlobalSection(ProjectConfigurationPlatforms) = postSolution
		{5601E4F6-41A8-44C4-9BD3-409207288E6F}.Debug|Any CPU.ActiveCfg = Debug|Any CPU
		{5601E4F6-41A8-44C4-9BD3-409207288E6F}.Debug|Any CPU.Build.0 = Debug|Any CPU
		{5601E4F6-41A8-44C4-9BD3-409207288E6F}.Release|Any CPU.ActiveCfg = Release|Any CPU
		{5601E4F6-41A8-44C4-9BD3-409207288E6F}.Release|Any CPU.Build.0 = Release|Any CPU
	EndGlobalSection
	GlobalSection(SolutionProperties) = preSolution
		HideSolutionNode = FALSE
	EndGlobalSection
	GlobalSection(ExtensibilityGlobals) = postSolution
		SolutionGuid = {C0794188-FA81-4299-8F60-7B0939E89272}
	EndGlobalSection
EndGlobal
