
Microsoft Visual Studio Solution File, Format Version 12.00
# Visual Studio Version 17
VisualStudioVersion = 17.2.32516.85
MinimumVisualStudioVersion = 10.0.40219.1
Project("{FAE04EC0-301F-11D3-BF4B-00C04F79EFBC}") = "ado_net_part2", "ado_net_part2\ado_net_part2.csproj", "{7FE31659-24E7-4A1E-B15C-B817F3C7E512}"
EndProject
Global
	GlobalSection(SolutionConfigurationPlatforms) = preSolution
		Debug|Any CPU = Debug|Any CPU
		Release|Any CPU = Release|Any CPU
	EndGlobalSection
	GlobalSection(ProjectConfigurationPlatforms) = postSolution
		{7FE31659-24E7-4A1E-B15C-B817F3C7E512}.Debug|Any CPU.ActiveCfg = Debug|Any CPU
		{7FE31659-24E7-4A1E-B15C-B817F3C7E512}.Debug|Any CPU.Build.0 = Debug|Any CPU
		{7FE31659-24E7-4A1E-B15C-B817F3C7E512}.Release|Any CPU.ActiveCfg = Release|Any CPU
		{7FE31659-24E7-4A1E-B15C-B817F3C7E512}.Release|Any CPU.Build.0 = Release|Any CPU
	EndGlobalSection
	GlobalSection(SolutionProperties) = preSolution
		HideSolutionNode = FALSE
	EndGlobalSection
	GlobalSection(ExtensibilityGlobals) = postSolution
		SolutionGuid = {623C028B-7361-44D2-B3F2-AC1E5FF7F234}
	EndGlobalSection
EndGlobal
