
Microsoft Visual Studio Solution File, Format Version 12.00
# Visual Studio Version 17
VisualStudioVersion = 17.2.32516.85
MinimumVisualStudioVersion = 10.0.40219.1
Project("{FAE04EC0-301F-11D3-BF4B-00C04F79EFBC}") = "bankingSolutionConsole", "bankingSolutionConsole\bankingSolutionConsole.csproj", "{C6DADA4C-F88F-44A0-ABDC-ED5083C0440E}"
EndProject
Global
	GlobalSection(SolutionConfigurationPlatforms) = preSolution
		Debug|Any CPU = Debug|Any CPU
		Release|Any CPU = Release|Any CPU
	EndGlobalSection
	GlobalSection(ProjectConfigurationPlatforms) = postSolution
		{C6DADA4C-F88F-44A0-ABDC-ED5083C0440E}.Debug|Any CPU.ActiveCfg = Debug|Any CPU
		{C6DADA4C-F88F-44A0-ABDC-ED5083C0440E}.Debug|Any CPU.Build.0 = Debug|Any CPU
		{C6DADA4C-F88F-44A0-ABDC-ED5083C0440E}.Release|Any CPU.ActiveCfg = Release|Any CPU
		{C6DADA4C-F88F-44A0-ABDC-ED5083C0440E}.Release|Any CPU.Build.0 = Release|Any CPU
	EndGlobalSection
	GlobalSection(SolutionProperties) = preSolution
		HideSolutionNode = FALSE
	EndGlobalSection
	GlobalSection(ExtensibilityGlobals) = postSolution
		SolutionGuid = {B7DBD2A7-F3EB-4889-9FCA-39EDBB04127C}
	EndGlobalSection
EndGlobal
