
Microsoft Visual Studio Solution File, Format Version 12.00
# Visual Studio Version 17
VisualStudioVersion = 17.2.32516.85
MinimumVisualStudioVersion = 10.0.40219.1
Project("{FAE04EC0-301F-11D3-BF4B-00C04F79EFBC}") = "bankingSolution", "bankingSolution\bankingSolution.csproj", "{F3B54C8A-7CF5-433F-9505-526F6EB379EE}"
EndProject
Global
	GlobalSection(SolutionConfigurationPlatforms) = preSolution
		Debug|Any CPU = Debug|Any CPU
		Release|Any CPU = Release|Any CPU
	EndGlobalSection
	GlobalSection(ProjectConfigurationPlatforms) = postSolution
		{F3B54C8A-7CF5-433F-9505-526F6EB379EE}.Debug|Any CPU.ActiveCfg = Debug|Any CPU
		{F3B54C8A-7CF5-433F-9505-526F6EB379EE}.Debug|Any CPU.Build.0 = Debug|Any CPU
		{F3B54C8A-7CF5-433F-9505-526F6EB379EE}.Release|Any CPU.ActiveCfg = Release|Any CPU
		{F3B54C8A-7CF5-433F-9505-526F6EB379EE}.Release|Any CPU.Build.0 = Release|Any CPU
	EndGlobalSection
	GlobalSection(SolutionProperties) = preSolution
		HideSolutionNode = FALSE
	EndGlobalSection
	GlobalSection(ExtensibilityGlobals) = postSolution
		SolutionGuid = {3D59F6FA-3065-44EE-8FAE-C90A2537BAC0}
	EndGlobalSection
EndGlobal
