
Microsoft Visual Studio Solution File, Format Version 12.00
# Visual Studio Version 17
VisualStudioVersion = 17.2.32516.85
MinimumVisualStudioVersion = 10.0.40219.1
Project("{FAE04EC0-301F-11D3-BF4B-00C04F79EFBC}") = "loops_demo", "loops_demo\loops_demo.csproj", "{B3973C2F-89C1-4511-8491-CFCEFD76F574}"
EndProject
Global
	GlobalSection(SolutionConfigurationPlatforms) = preSolution
		Debug|Any CPU = Debug|Any CPU
		Release|Any CPU = Release|Any CPU
	EndGlobalSection
	GlobalSection(ProjectConfigurationPlatforms) = postSolution
		{B3973C2F-89C1-4511-8491-CFCEFD76F574}.Debug|Any CPU.ActiveCfg = Debug|Any CPU
		{B3973C2F-89C1-4511-8491-CFCEFD76F574}.Debug|Any CPU.Build.0 = Debug|Any CPU
		{B3973C2F-89C1-4511-8491-CFCEFD76F574}.Release|Any CPU.ActiveCfg = Release|Any CPU
		{B3973C2F-89C1-4511-8491-CFCEFD76F574}.Release|Any CPU.Build.0 = Release|Any CPU
	EndGlobalSection
	GlobalSection(SolutionProperties) = preSolution
		HideSolutionNode = FALSE
	EndGlobalSection
	GlobalSection(ExtensibilityGlobals) = postSolution
		SolutionGuid = {548584B1-6824-4FE1-ADC7-816265A37FCC}
	EndGlobalSection
EndGlobal
