
Microsoft Visual Studio Solution File, Format Version 12.00
# Visual Studio Version 17
VisualStudioVersion = 17.2.32516.85
MinimumVisualStudioVersion = 10.0.40219.1
Project("{FAE04EC0-301F-11D3-BF4B-00C04F79EFBC}") = "bankingAPPMVCIdentity", "bankingAPPMVCIdentity\bankingAPPMVCIdentity.csproj", "{D7AC52BB-B184-4AE7-9016-38341ABDA518}"
EndProject
Global
	GlobalSection(SolutionConfigurationPlatforms) = preSolution
		Debug|Any CPU = Debug|Any CPU
		Release|Any CPU = Release|Any CPU
	EndGlobalSection
	GlobalSection(ProjectConfigurationPlatforms) = postSolution
		{D7AC52BB-B184-4AE7-9016-38341ABDA518}.Debug|Any CPU.ActiveCfg = Debug|Any CPU
		{D7AC52BB-B184-4AE7-9016-38341ABDA518}.Debug|Any CPU.Build.0 = Debug|Any CPU
		{D7AC52BB-B184-4AE7-9016-38341ABDA518}.Release|Any CPU.ActiveCfg = Release|Any CPU
		{D7AC52BB-B184-4AE7-9016-38341ABDA518}.Release|Any CPU.Build.0 = Release|Any CPU
	EndGlobalSection
	GlobalSection(SolutionProperties) = preSolution
		HideSolutionNode = FALSE
	EndGlobalSection
	GlobalSection(ExtensibilityGlobals) = postSolution
		SolutionGuid = {39064FFF-C7FE-4629-9657-8557E23E8D8F}
	EndGlobalSection
EndGlobal
