
Microsoft Visual Studio Solution File, Format Version 12.00
# Visual Studio Version 17
VisualStudioVersion = 17.2.32516.85
MinimumVisualStudioVersion = 10.0.40219.1
Project("{FAE04EC0-301F-11D3-BF4B-00C04F79EFBC}") = "employeeLIB", "employeeLIB\employeeLIB.csproj", "{50B811FA-0B48-4A4B-82CB-AD522CAFB2F2}"
EndProject
Global
	GlobalSection(SolutionConfigurationPlatforms) = preSolution
		Debug|Any CPU = Debug|Any CPU
		Release|Any CPU = Release|Any CPU
	EndGlobalSection
	GlobalSection(ProjectConfigurationPlatforms) = postSolution
		{50B811FA-0B48-4A4B-82CB-AD522CAFB2F2}.Debug|Any CPU.ActiveCfg = Debug|Any CPU
		{50B811FA-0B48-4A4B-82CB-AD522CAFB2F2}.Debug|Any CPU.Build.0 = Debug|Any CPU
		{50B811FA-0B48-4A4B-82CB-AD522CAFB2F2}.Release|Any CPU.ActiveCfg = Release|Any CPU
		{50B811FA-0B48-4A4B-82CB-AD522CAFB2F2}.Release|Any CPU.Build.0 = Release|Any CPU
	EndGlobalSection
	GlobalSection(SolutionProperties) = preSolution
		HideSolutionNode = FALSE
	EndGlobalSection
	GlobalSection(ExtensibilityGlobals) = postSolution
		SolutionGuid = {7CEEDD76-6A6F-43EB-A014-4AC9E932BD1C}
	EndGlobalSection
EndGlobal
