
Microsoft Visual Studio Solution File, Format Version 12.00
# Visual Studio Version 17
VisualStudioVersion = 17.2.32516.85
MinimumVisualStudioVersion = 10.0.40219.1
Project("{FAE04EC0-301F-11D3-BF4B-00C04F79EFBC}") = "serializationDemo", "serializationDemo\serializationDemo.csproj", "{B5D06605-36DE-4143-9661-C854F178D66C}"
EndProject
Global
	GlobalSection(SolutionConfigurationPlatforms) = preSolution
		Debug|Any CPU = Debug|Any CPU
		Release|Any CPU = Release|Any CPU
	EndGlobalSection
	GlobalSection(ProjectConfigurationPlatforms) = postSolution
		{B5D06605-36DE-4143-9661-C854F178D66C}.Debug|Any CPU.ActiveCfg = Debug|Any CPU
		{B5D06605-36DE-4143-9661-C854F178D66C}.Debug|Any CPU.Build.0 = Debug|Any CPU
		{B5D06605-36DE-4143-9661-C854F178D66C}.Release|Any CPU.ActiveCfg = Release|Any CPU
		{B5D06605-36DE-4143-9661-C854F178D66C}.Release|Any CPU.Build.0 = Release|Any CPU
	EndGlobalSection
	GlobalSection(SolutionProperties) = preSolution
		HideSolutionNode = FALSE
	EndGlobalSection
	GlobalSection(ExtensibilityGlobals) = postSolution
		SolutionGuid = {1295B9D3-34D5-437F-B44F-F8BAE35A43AD}
	EndGlobalSection
EndGlobal
