
Microsoft Visual Studio Solution File, Format Version 12.00
# Visual Studio Version 17
VisualStudioVersion = 17.2.32516.85
MinimumVisualStudioVersion = 10.0.40219.1
Project("{FAE04EC0-301F-11D3-BF4B-00C04F79EFBC}") = "airlinesWebAPI", "airlinesWebAPI\airlinesWebAPI.csproj", "{2E4443BB-104A-4731-94D9-B2318C634849}"
EndProject
Global
	GlobalSection(SolutionConfigurationPlatforms) = preSolution
		Debug|Any CPU = Debug|Any CPU
		Release|Any CPU = Release|Any CPU
	EndGlobalSection
	GlobalSection(ProjectConfigurationPlatforms) = postSolution
		{2E4443BB-104A-4731-94D9-B2318C634849}.Debug|Any CPU.ActiveCfg = Debug|Any CPU
		{2E4443BB-104A-4731-94D9-B2318C634849}.Debug|Any CPU.Build.0 = Debug|Any CPU
		{2E4443BB-104A-4731-94D9-B2318C634849}.Release|Any CPU.ActiveCfg = Release|Any CPU
		{2E4443BB-104A-4731-94D9-B2318C634849}.Release|Any CPU.Build.0 = Release|Any CPU
	EndGlobalSection
	GlobalSection(SolutionProperties) = preSolution
		HideSolutionNode = FALSE
	EndGlobalSection
	GlobalSection(ExtensibilityGlobals) = postSolution
		SolutionGuid = {EDAAF2B4-D3B7-46DC-819F-1B385EDB7EE6}
	EndGlobalSection
EndGlobal
