
Microsoft Visual Studio Solution File, Format Version 12.00
# Visual Studio Version 17
VisualStudioVersion = 17.2.32516.85
MinimumVisualStudioVersion = 10.0.40219.1
Project("{FAE04EC0-301F-11D3-BF4B-00C04F79EFBC}") = "bankingLIB", "bankingLIB\bankingLIB.csproj", "{F3060923-5B4A-43C7-B6EE-D7FC7CAA5444}"
EndProject
Global
	GlobalSection(SolutionConfigurationPlatforms) = preSolution
		Debug|Any CPU = Debug|Any CPU
		Release|Any CPU = Release|Any CPU
	EndGlobalSection
	GlobalSection(ProjectConfigurationPlatforms) = postSolution
		{F3060923-5B4A-43C7-B6EE-D7FC7CAA5444}.Debug|Any CPU.ActiveCfg = Debug|Any CPU
		{F3060923-5B4A-43C7-B6EE-D7FC7CAA5444}.Debug|Any CPU.Build.0 = Debug|Any CPU
		{F3060923-5B4A-43C7-B6EE-D7FC7CAA5444}.Release|Any CPU.ActiveCfg = Release|Any CPU
		{F3060923-5B4A-43C7-B6EE-D7FC7CAA5444}.Release|Any CPU.Build.0 = Release|Any CPU
	EndGlobalSection
	GlobalSection(SolutionProperties) = preSolution
		HideSolutionNode = FALSE
	EndGlobalSection
	GlobalSection(ExtensibilityGlobals) = postSolution
		SolutionGuid = {87A00DFF-6A86-4835-A418-C9178FC26E03}
	EndGlobalSection
EndGlobal
