
Microsoft Visual Studio Solution File, Format Version 12.00
# Visual Studio Version 17
VisualStudioVersion = 17.2.32516.85
MinimumVisualStudioVersion = 10.0.40219.1
Project("{FAE04EC0-301F-11D3-BF4B-00C04F79EFBC}") = "Overloading_enum_params_polymphism", "Overloading_enum_params_polymphism\Overloading_enum_params_polymphism.csproj", "{3A975563-1318-4217-A13F-C7A8A9880437}"
EndProject
Global
	GlobalSection(SolutionConfigurationPlatforms) = preSolution
		Debug|Any CPU = Debug|Any CPU
		Release|Any CPU = Release|Any CPU
	EndGlobalSection
	GlobalSection(ProjectConfigurationPlatforms) = postSolution
		{3A975563-1318-4217-A13F-C7A8A9880437}.Debug|Any CPU.ActiveCfg = Debug|Any CPU
		{3A975563-1318-4217-A13F-C7A8A9880437}.Debug|Any CPU.Build.0 = Debug|Any CPU
		{3A975563-1318-4217-A13F-C7A8A9880437}.Release|Any CPU.ActiveCfg = Release|Any CPU
		{3A975563-1318-4217-A13F-C7A8A9880437}.Release|Any CPU.Build.0 = Release|Any CPU
	EndGlobalSection
	GlobalSection(SolutionProperties) = preSolution
		HideSolutionNode = FALSE
	EndGlobalSection
	GlobalSection(ExtensibilityGlobals) = postSolution
		SolutionGuid = {E792639F-DE01-46F5-BCB0-2CDB8FF3720C}
	EndGlobalSection
EndGlobal
