
Microsoft Visual Studio Solution File, Format Version 12.00
# Visual Studio Version 17
VisualStudioVersion = 17.2.32516.85
MinimumVisualStudioVersion = 10.0.40219.1
Project("{FAE04EC0-301F-11D3-BF4B-00C04F79EFBC}") = "employeeSolutionConsole", "employeeSolutionConsole\employeeSolutionConsole.csproj", "{AC9A2F6A-DEDF-45ED-B235-58D857BB0FC3}"
EndProject
Global
	GlobalSection(SolutionConfigurationPlatforms) = preSolution
		Debug|Any CPU = Debug|Any CPU
		Release|Any CPU = Release|Any CPU
	EndGlobalSection
	GlobalSection(ProjectConfigurationPlatforms) = postSolution
		{AC9A2F6A-DEDF-45ED-B235-58D857BB0FC3}.Debug|Any CPU.ActiveCfg = Debug|Any CPU
		{AC9A2F6A-DEDF-45ED-B235-58D857BB0FC3}.Debug|Any CPU.Build.0 = Debug|Any CPU
		{AC9A2F6A-DEDF-45ED-B235-58D857BB0FC3}.Release|Any CPU.ActiveCfg = Release|Any CPU
		{AC9A2F6A-DEDF-45ED-B235-58D857BB0FC3}.Release|Any CPU.Build.0 = Release|Any CPU
	EndGlobalSection
	GlobalSection(SolutionProperties) = preSolution
		HideSolutionNode = FALSE
	EndGlobalSection
	GlobalSection(ExtensibilityGlobals) = postSolution
		SolutionGuid = {E5333A1E-3C7F-429B-8CCE-799A6B4919AC}
	EndGlobalSection
EndGlobal
