
Microsoft Visual Studio Solution File, Format Version 12.00
# Visual Studio Version 17
VisualStudioVersion = 17.2.32516.85
MinimumVisualStudioVersion = 10.0.40219.1
Project("{FAE04EC0-301F-11D3-BF4B-00C04F79EFBC}") = "airlinesMVC", "airlinesMVC\airlinesMVC.csproj", "{189A24C0-AB14-4658-8440-8DF83A0929E7}"
EndProject
Global
	GlobalSection(SolutionConfigurationPlatforms) = preSolution
		Debug|Any CPU = Debug|Any CPU
		Release|Any CPU = Release|Any CPU
	EndGlobalSection
	GlobalSection(ProjectConfigurationPlatforms) = postSolution
		{189A24C0-AB14-4658-8440-8DF83A0929E7}.Debug|Any CPU.ActiveCfg = Debug|Any CPU
		{189A24C0-AB14-4658-8440-8DF83A0929E7}.Debug|Any CPU.Build.0 = Debug|Any CPU
		{189A24C0-AB14-4658-8440-8DF83A0929E7}.Release|Any CPU.ActiveCfg = Release|Any CPU
		{189A24C0-AB14-4658-8440-8DF83A0929E7}.Release|Any CPU.Build.0 = Release|Any CPU
	EndGlobalSection
	GlobalSection(SolutionProperties) = preSolution
		HideSolutionNode = FALSE
	EndGlobalSection
	GlobalSection(ExtensibilityGlobals) = postSolution
		SolutionGuid = {9ADAEAD0-5C67-4D7C-8657-30DA0DBD2862}
	EndGlobalSection
EndGlobal
